
Microsoft Visual Studio Solution File, Format Version 12.00
# Visual Studio 15
VisualStudioVersion = 15.0.27130.2027
MinimumVisualStudioVersion = 10.0.40219.1
Project("{FAE04EC0-301F-11D3-BF4B-00C04F79EFBC}") = "Project1", "Project1\Project1.csproj", "{F16A7D4D-8D3A-401D-BB92-19A8B76117C5}"
EndProject
Project("{FAE04EC0-301F-11D3-BF4B-00C04F79EFBC}") = "TcpServerApplication", "TcpServerApplication\TcpServerApplication.csproj", "{A2C03D08-4D83-4874-9791-A4DD7FABF682}"
EndProject
Project("{FAE04EC0-301F-11D3-BF4B-00C04F79EFBC}") = "TcpClientApplication", "TcpClientApplication\TcpClientApplication.csproj", "{80071495-6E4D-427E-B8A1-27CB982EF038}"
EndProject
Project("{FAE04EC0-301F-11D3-BF4B-00C04F79EFBC}") = "TcpServerApplication2", "TcpServerApplication2\TcpServerApplication2.csproj", "{89618E61-CFD2-4606-AF34-5C1EAA3D6834}"
EndProject
Project("{FAE04EC0-301F-11D3-BF4B-00C04F79EFBC}") = "TcpApplication", "TcpApplication\TcpApplication.csproj", "{3833B409-8A84-4526-8D10-B175A09F781D}"
EndProject
Project("{FAE04EC0-301F-11D3-BF4B-00C04F79EFBC}") = "TcpApplicationFromTutorial", "TcpApplicationFromTutorial\TcpApplicationFromTutorial.csproj", "{BF2581BB-BAE5-455F-B926-C679915FE9D3}"
EndProject
Project("{FAE04EC0-301F-11D3-BF4B-00C04F79EFBC}") = "TcpServerApp2", "TcpServerApp2\TcpServerApp2.csproj", "{DE8DCC42-87D4-475E-BE53-A980F6623A05}"
EndProject
Project("{FAE04EC0-301F-11D3-BF4B-00C04F79EFBC}") = "TcpClientApp2", "TcpClientApp2\TcpClientApp2.csproj", "{A2DDDB94-AB29-429C-80E5-C4CA875AC182}"
EndProject
Project("{FAE04EC0-301F-11D3-BF4B-00C04F79EFBC}") = "HttpServer", "HttpServer\HttpServer.csproj", "{C7AEA4FB-9E45-4A8B-BD8D-5CF368A64B00}"
EndProject
Global
	GlobalSection(SolutionConfigurationPlatforms) = preSolution
		Debug|Any CPU = Debug|Any CPU
		Release|Any CPU = Release|Any CPU
	EndGlobalSection
	GlobalSection(ProjectConfigurationPlatforms) = postSolution
		{F16A7D4D-8D3A-401D-BB92-19A8B76117C5}.Debug|Any CPU.ActiveCfg = Debug|Any CPU
		{F16A7D4D-8D3A-401D-BB92-19A8B76117C5}.Debug|Any CPU.Build.0 = Debug|Any CPU
		{F16A7D4D-8D3A-401D-BB92-19A8B76117C5}.Release|Any CPU.ActiveCfg = Release|Any CPU
		{F16A7D4D-8D3A-401D-BB92-19A8B76117C5}.Release|Any CPU.Build.0 = Release|Any CPU
		{A2C03D08-4D83-4874-9791-A4DD7FABF682}.Debug|Any CPU.ActiveCfg = Debug|Any CPU
		{A2C03D08-4D83-4874-9791-A4DD7FABF682}.Debug|Any CPU.Build.0 = Debug|Any CPU
		{A2C03D08-4D83-4874-9791-A4DD7FABF682}.Release|Any CPU.ActiveCfg = Release|Any CPU
		{A2C03D08-4D83-4874-9791-A4DD7FABF682}.Release|Any CPU.Build.0 = Release|Any CPU
		{80071495-6E4D-427E-B8A1-27CB982EF038}.Debug|Any CPU.ActiveCfg = Debug|Any CPU
		{80071495-6E4D-427E-B8A1-27CB982EF038}.Debug|Any CPU.Build.0 = Debug|Any CPU
		{80071495-6E4D-427E-B8A1-27CB982EF038}.Release|Any CPU.ActiveCfg = Release|Any CPU
		{80071495-6E4D-427E-B8A1-27CB982EF038}.Release|Any CPU.Build.0 = Release|Any CPU
		{89618E61-CFD2-4606-AF34-5C1EAA3D6834}.Debug|Any CPU.ActiveCfg = Debug|Any CPU
		{89618E61-CFD2-4606-AF34-5C1EAA3D6834}.Debug|Any CPU.Build.0 = Debug|Any CPU
		{89618E61-CFD2-4606-AF34-5C1EAA3D6834}.Release|Any CPU.ActiveCfg = Release|Any CPU
		{89618E61-CFD2-4606-AF34-5C1EAA3D6834}.Release|Any CPU.Build.0 = Release|Any CPU
		{3833B409-8A84-4526-8D10-B175A09F781D}.Debug|Any CPU.ActiveCfg = Debug|Any CPU
		{3833B409-8A84-4526-8D10-B175A09F781D}.Debug|Any CPU.Build.0 = Debug|Any CPU
		{3833B409-8A84-4526-8D10-B175A09F781D}.Release|Any CPU.ActiveCfg = Release|Any CPU
		{3833B409-8A84-4526-8D10-B175A09F781D}.Release|Any CPU.Build.0 = Release|Any CPU
		{BF2581BB-BAE5-455F-B926-C679915FE9D3}.Debug|Any CPU.ActiveCfg = Debug|Any CPU
		{BF2581BB-BAE5-455F-B926-C679915FE9D3}.Debug|Any CPU.Build.0 = Debug|Any CPU
		{BF2581BB-BAE5-455F-B926-C679915FE9D3}.Release|Any CPU.ActiveCfg = Release|Any CPU
		{BF2581BB-BAE5-455F-B926-C679915FE9D3}.Release|Any CPU.Build.0 = Release|Any CPU
		{DE8DCC42-87D4-475E-BE53-A980F6623A05}.Debug|Any CPU.ActiveCfg = Debug|Any CPU
		{DE8DCC42-87D4-475E-BE53-A980F6623A05}.Debug|Any CPU.Build.0 = Debug|Any CPU
		{DE8DCC42-87D4-475E-BE53-A980F6623A05}.Release|Any CPU.ActiveCfg = Release|Any CPU
		{DE8DCC42-87D4-475E-BE53-A980F6623A05}.Release|Any CPU.Build.0 = Release|Any CPU
		{A2DDDB94-AB29-429C-80E5-C4CA875AC182}.Debug|Any CPU.ActiveCfg = Debug|Any CPU
		{A2DDDB94-AB29-429C-80E5-C4CA875AC182}.Debug|Any CPU.Build.0 = Debug|Any CPU
		{A2DDDB94-AB29-429C-80E5-C4CA875AC182}.Release|Any CPU.ActiveCfg = Release|Any CPU
		{A2DDDB94-AB29-429C-80E5-C4CA875AC182}.Release|Any CPU.Build.0 = Release|Any CPU
		{C7AEA4FB-9E45-4A8B-BD8D-5CF368A64B00}.Debug|Any CPU.ActiveCfg = Debug|Any CPU
		{C7AEA4FB-9E45-4A8B-BD8D-5CF368A64B00}.Debug|Any CPU.Build.0 = Debug|Any CPU
		{C7AEA4FB-9E45-4A8B-BD8D-5CF368A64B00}.Release|Any CPU.ActiveCfg = Release|Any CPU
		{C7AEA4FB-9E45-4A8B-BD8D-5CF368A64B00}.Release|Any CPU.Build.0 = Release|Any CPU
	EndGlobalSection
	GlobalSection(SolutionProperties) = preSolution
		HideSolutionNode = FALSE
	EndGlobalSection
	GlobalSection(ExtensibilityGlobals) = postSolution
		SolutionGuid = {E8F3F63C-4EA6-4545-84E1-FFD1A6198ADB}
	EndGlobalSection
EndGlobal
